
Microsoft Visual Studio Solution File, Format Version 12.00
# Visual Studio 15
VisualStudioVersion = 15.0.28307.539
MinimumVisualStudioVersion = 10.0.40219.1
Project("{FAE04EC0-301F-11D3-BF4B-00C04F79EFBC}") = "FormIngresarDatos", "WindowsFormsApp1\FormIngresarDatos.csproj", "{BA5D3BA0-35DE-4FC2-92DD-9ECB7C41B7F1}"
EndProject
Project("{2150E333-8FDC-42A3-9474-1A3956D46DE8}") = "Ingresar datos", "Ingresar datos", "{1C3C7B83-52A3-4A3E-935A-5A8B6FA3C325}"
EndProject
Project("{2150E333-8FDC-42A3-9474-1A3956D46DE8}") = "Mostrar resultado", "Mostrar resultado", "{3C6E9CF7-096E-45A7-BFF8-F151787D079E}"
EndProject
Global
	GlobalSection(SolutionConfigurationPlatforms) = preSolution
		Debug|Any CPU = Debug|Any CPU
		Release|Any CPU = Release|Any CPU
	EndGlobalSection
	GlobalSection(ProjectConfigurationPlatforms) = postSolution
		{BA5D3BA0-35DE-4FC2-92DD-9ECB7C41B7F1}.Debug|Any CPU.ActiveCfg = Debug|Any CPU
		{BA5D3BA0-35DE-4FC2-92DD-9ECB7C41B7F1}.Debug|Any CPU.Build.0 = Debug|Any CPU
		{BA5D3BA0-35DE-4FC2-92DD-9ECB7C41B7F1}.Release|Any CPU.ActiveCfg = Release|Any CPU
		{BA5D3BA0-35DE-4FC2-92DD-9ECB7C41B7F1}.Release|Any CPU.Build.0 = Release|Any CPU
	EndGlobalSection
	GlobalSection(SolutionProperties) = preSolution
		HideSolutionNode = FALSE
	EndGlobalSection
	GlobalSection(ExtensibilityGlobals) = postSolution
		SolutionGuid = {51CD9CB7-A767-468A-A3A3-C28D44DA70E5}
	EndGlobalSection
EndGlobal
